{
  "name": "bodybuilder-php",
  "version": "0.5.0",
  "lockfileVersion": 1,
  "requires": true,
  "dependencies": {
    "bodybuilder": {
      "version": "2.2.6",
      "resolved": "https://registry.npmjs.org/bodybuilder/-/bodybuilder-2.2.6.tgz",
      "integrity": "sha1-r5OwOfhtM53Il2MNU66s+PNC4WQ=",
      "requires": {
        "lodash": "4.17.4"
      }
    },
    "lodash": {
      "version": "4.17.4",
      "resolved": "https://registry.npmjs.org/lodash/-/lodash-4.17.4.tgz",
      "integrity": "sha1-eCA6TRwyiuHYbcpkYONptX9AVa4="
    }
  }
}
